
Microsoft Visual Studio Solution File, Format Version 12.00
# Visual Studio Version 17
VisualStudioVersion = 17.11.35327.3
MinimumVisualStudioVersion = 10.0.40219.1
Project("{FAE04EC0-301F-11D3-BF4B-00C04F79EFBC}") = "ISNP001724_Bloque2", "ISNP001724_Bloque2\ISNP001724_Bloque2.csproj", "{82F9B952-5F0D-4122-916D-4256A9A15E51}"
EndProject
Global
	GlobalSection(SolutionConfigurationPlatforms) = preSolution
		Debug|Any CPU = Debug|Any CPU
		Release|Any CPU = Release|Any CPU
	EndGlobalSection
	GlobalSection(ProjectConfigurationPlatforms) = postSolution
		{82F9B952-5F0D-4122-916D-4256A9A15E51}.Debug|Any CPU.ActiveCfg = Debug|Any CPU
		{82F9B952-5F0D-4122-916D-4256A9A15E51}.Debug|Any CPU.Build.0 = Debug|Any CPU
		{82F9B952-5F0D-4122-916D-4256A9A15E51}.Release|Any CPU.ActiveCfg = Release|Any CPU
		{82F9B952-5F0D-4122-916D-4256A9A15E51}.Release|Any CPU.Build.0 = Release|Any CPU
	EndGlobalSection
	GlobalSection(SolutionProperties) = preSolution
		HideSolutionNode = FALSE
	EndGlobalSection
	GlobalSection(ExtensibilityGlobals) = postSolution
		SolutionGuid = {CD0578F1-1121-44A9-8F7C-109E2257F28E}
	EndGlobalSection
EndGlobal
